
Microsoft Visual Studio Solution File, Format Version 12.00
# Visual Studio 15
VisualStudioVersion = 15.0.28307.852
MinimumVisualStudioVersion = 10.0.40219.1
Project("{FAE04EC0-301F-11D3-BF4B-00C04F79EFBC}") = "Readalot_Latest", "Readalot_Latest\Readalot_Latest.csproj", "{74563D59-E75E-4726-A404-C45F4B114EFC}"
	ProjectSection(ProjectDependencies) = postProject
		{95567DCF-BB6C-4A04-88F4-231A2E2ADC5D} = {95567DCF-BB6C-4A04-88F4-231A2E2ADC5D}
	EndProjectSection
EndProject
Project("{FAE04EC0-301F-11D3-BF4B-00C04F79EFBC}") = "Readalot_Service", "Readalot_Service\Readalot_Service.csproj", "{95567DCF-BB6C-4A04-88F4-231A2E2ADC5D}"
EndProject
Global
	GlobalSection(SolutionConfigurationPlatforms) = preSolution
		Debug|Any CPU = Debug|Any CPU
		Release|Any CPU = Release|Any CPU
	EndGlobalSection
	GlobalSection(ProjectConfigurationPlatforms) = postSolution
		{74563D59-E75E-4726-A404-C45F4B114EFC}.Debug|Any CPU.ActiveCfg = Debug|Any CPU
		{74563D59-E75E-4726-A404-C45F4B114EFC}.Debug|Any CPU.Build.0 = Debug|Any CPU
		{74563D59-E75E-4726-A404-C45F4B114EFC}.Release|Any CPU.ActiveCfg = Release|Any CPU
		{74563D59-E75E-4726-A404-C45F4B114EFC}.Release|Any CPU.Build.0 = Release|Any CPU
		{95567DCF-BB6C-4A04-88F4-231A2E2ADC5D}.Debug|Any CPU.ActiveCfg = Debug|Any CPU
		{95567DCF-BB6C-4A04-88F4-231A2E2ADC5D}.Debug|Any CPU.Build.0 = Debug|Any CPU
		{95567DCF-BB6C-4A04-88F4-231A2E2ADC5D}.Release|Any CPU.ActiveCfg = Release|Any CPU
		{95567DCF-BB6C-4A04-88F4-231A2E2ADC5D}.Release|Any CPU.Build.0 = Release|Any CPU
	EndGlobalSection
	GlobalSection(SolutionProperties) = preSolution
		HideSolutionNode = FALSE
	EndGlobalSection
	GlobalSection(ExtensibilityGlobals) = postSolution
		SolutionGuid = {4E6C39FA-C852-4C81-89BB-C965B12C79EA}
	EndGlobalSection
EndGlobal
